// !$*UTF8*$!
{
	archiveVersion = 1;
	classes = {
	};
	objectVersion = 56;
	objects = {

/* Begin PBXBuildFile section */
		725A0C9E29B130E90047484A /* ColorSet.xcassets in Resources */ = {isa = PBXBuildFile; fileRef = 725A0C9D29B130E90047484A /* ColorSet.xcassets */; };
		72AD8F8C29A913AE00C2EB21 /* AppDelegate.swift in Sources */ = {isa = PBXBuildFile; fileRef = 72AD8F8B29A913AE00C2EB21 /* AppDelegate.swift */; };
		72AD8F8E29A913AE00C2EB21 /* SceneDelegate.swift in Sources */ = {isa = PBXBuildFile; fileRef = 72AD8F8D29A913AE00C2EB21 /* SceneDelegate.swift */; };
		72AD8F9329A913AE00C2EB21 /* Main.storyboard in Resources */ = {isa = PBXBuildFile; fileRef = 72AD8F9129A913AE00C2EB21 /* Main.storyboard */; };
		72AD8F9529A913AF00C2EB21 /* Assets.xcassets in Resources */ = {isa = PBXBuildFile; fileRef = 72AD8F9429A913AF00C2EB21 /* Assets.xcassets */; };
		72AD8F9829A913AF00C2EB21 /* LaunchScreen.storyboard in Resources */ = {isa = PBXBuildFile; fileRef = 72AD8F9629A913AF00C2EB21 /* LaunchScreen.storyboard */; };
		72AD8FA029A9159D00C2EB21 /* GoogleService-Info.plist in Resources */ = {isa = PBXBuildFile; fileRef = 72AD8F9F29A9159D00C2EB21 /* GoogleService-Info.plist */; };
		72AD8FA329A9165700C2EB21 /* FirebaseAuth in Frameworks */ = {isa = PBXBuildFile; productRef = 72AD8FA229A9165700C2EB21 /* FirebaseAuth */; };
		72AD8FA529A9165700C2EB21 /* FirebaseFirestore in Frameworks */ = {isa = PBXBuildFile; productRef = 72AD8FA429A9165700C2EB21 /* FirebaseFirestore */; };
		72AD8FA729A91B1900C2EB21 /* SignInViewController.swift in Sources */ = {isa = PBXBuildFile; fileRef = 72AD8FA629A91B1900C2EB21 /* SignInViewController.swift */; };
		72AD8FA929A91B2A00C2EB21 /* RegisterViewController.swift in Sources */ = {isa = PBXBuildFile; fileRef = 72AD8FA829A91B2A00C2EB21 /* RegisterViewController.swift */; };
		72AD8FAB29A91B3F00C2EB21 /* ForgotPasswordViewController.swift in Sources */ = {isa = PBXBuildFile; fileRef = 72AD8FAA29A91B3F00C2EB21 /* ForgotPasswordViewController.swift */; };
		72B58B9829B13DF9003D7EEA /* HomeViewController.swift in Sources */ = {isa = PBXBuildFile; fileRef = 72B58B9729B13DF9003D7EEA /* HomeViewController.swift */; };
/* End PBXBuildFile section */

/* Begin PBXFileReference section */
		725A0C9D29B130E90047484A /* ColorSet.xcassets */ = {isa = PBXFileReference; lastKnownFileType = folder.assetcatalog; path = ColorSet.xcassets; sourceTree = "<group>"; };
		72AD8F8829A913AE00C2EB21 /* AuthenticationFirebase.app */ = {isa = PBXFileReference; explicitFileType = wrapper.application; includeInIndex = 0; path = AuthenticationFirebase.app; sourceTree = BUILT_PRODUCTS_DIR; };
		72AD8F8B29A913AE00C2EB21 /* AppDelegate.swift */ = {isa = PBXFileReference; lastKnownFileType = sourcecode.swift; path = AppDelegate.swift; sourceTree = "<group>"; };
		72AD8F8D29A913AE00C2EB21 /* SceneDelegate.swift */ = {isa = PBXFileReference; lastKnownFileType = sourcecode.swift; path = SceneDelegate.swift; sourceTree = "<group>"; };
		72AD8F9229A913AE00C2EB21 /* Base */ = {isa = PBXFileReference; lastKnownFileType = file.storyboard; name = Base; path = Base.lproj/Main.storyboard; sourceTree = "<group>"; };
		72AD8F9429A913AF00C2EB21 /* Assets.xcassets */ = {isa = PBXFileReference; lastKnownFileType = folder.assetcatalog; path = Assets.xcassets; sourceTree = "<group>"; };
		72AD8F9729A913AF00C2EB21 /* Base */ = {isa = PBXFileReference; lastKnownFileType = file.storyboard; name = Base; path = Base.lproj/LaunchScreen.storyboard; sourceTree = "<group>"; };
		72AD8F9929A913AF00C2EB21 /* Info.plist */ = {isa = PBXFileReference; lastKnownFileType = text.plist.xml; path = Info.plist; sourceTree = "<group>"; };
		72AD8F9F29A9159D00C2EB21 /* GoogleService-Info.plist */ = {isa = PBXFileReference; fileEncoding = 4; lastKnownFileType = text.plist.xml; path = "GoogleService-Info.plist"; sourceTree = "<group>"; };
		72AD8FA629A91B1900C2EB21 /* SignInViewController.swift */ = {isa = PBXFileReference; lastKnownFileType = sourcecode.swift; path = SignInViewController.swift; sourceTree = "<group>"; };
		72AD8FA829A91B2A00C2EB21 /* RegisterViewController.swift */ = {isa = PBXFileReference; lastKnownFileType = sourcecode.swift; path = RegisterViewController.swift; sourceTree = "<group>"; };
		72AD8FAA29A91B3F00C2EB21 /* ForgotPasswordViewController.swift */ = {isa = PBXFileReference; lastKnownFileType = sourcecode.swift; path = ForgotPasswordViewController.swift; sourceTree = "<group>"; };
		72B58B9729B13DF9003D7EEA /* HomeViewController.swift */ = {isa = PBXFileReference; lastKnownFileType = sourcecode.swift; path = HomeViewController.swift; sourceTree = "<group>"; };
/* End PBXFileReference section */

/* Begin PBXFrameworksBuildPhase section */
		72AD8F8529A913AE00C2EB21 /* Frameworks */ = {
			isa = PBXFrameworksBuildPhase;
			buildActionMask = 2147483647;
			files = (
				72AD8FA329A9165700C2EB21 /* FirebaseAuth in Frameworks */,
				72AD8FA529A9165700C2EB21 /* FirebaseFirestore in Frameworks */,
			);
			runOnlyForDeploymentPostprocessing = 0;
		};
/* End PBXFrameworksBuildPhase section */

/* Begin PBXGroup section */
		72AD8F7F29A913AE00C2EB21 = {
			isa = PBXGroup;
			children = (
				72AD8F8A29A913AE00C2EB21 /* AuthenticationFirebase */,
				72AD8F8929A913AE00C2EB21 /* Products */,
			);
			sourceTree = "<group>";
		};
		72AD8F8929A913AE00C2EB21 /* Products */ = {
			isa = PBXGroup;
			children = (
				72AD8F8829A913AE00C2EB21 /* AuthenticationFirebase.app */,
			);
			name = Products;
			sourceTree = "<group>";
		};
		72AD8F8A29A913AE00C2EB21 /* AuthenticationFirebase */ = {
			isa = PBXGroup;
			children = (
				72AD8F9129A913AE00C2EB21 /* Main.storyboard */,
				72B58B9929B13E2B003D7EEA /* View Controllers */,
				72B58B9A29B13E53003D7EEA /* Supporting */,
				72AD8F9929A913AF00C2EB21 /* Info.plist */,
				72AD8F9F29A9159D00C2EB21 /* GoogleService-Info.plist */,
			);
			path = AuthenticationFirebase;
			sourceTree = "<group>";
		};
		72B58B9929B13E2B003D7EEA /* View Controllers */ = {
			isa = PBXGroup;
			children = (
				72B58B9729B13DF9003D7EEA /* HomeViewController.swift */,
				72AD8FA629A91B1900C2EB21 /* SignInViewController.swift */,
				72AD8FA829A91B2A00C2EB21 /* RegisterViewController.swift */,
				72AD8FAA29A91B3F00C2EB21 /* ForgotPasswordViewController.swift */,
			);
			path = "View Controllers";
			sourceTree = "<group>";
		};
		72B58B9A29B13E53003D7EEA /* Supporting */ = {
			isa = PBXGroup;
			children = (
				72AD8F8B29A913AE00C2EB21 /* AppDelegate.swift */,
				72AD8F8D29A913AE00C2EB21 /* SceneDelegate.swift */,
				72AD8F9429A913AF00C2EB21 /* Assets.xcassets */,
				725A0C9D29B130E90047484A /* ColorSet.xcassets */,
				72AD8F9629A913AF00C2EB21 /* LaunchScreen.storyboard */,
			);
			path = Supporting;
			sourceTree = "<group>";
		};
/* End PBXGroup section */

/* Begin PBXNativeTarget section */
		72AD8F8729A913AE00C2EB21 /* AuthenticationFirebase */ = {
			isa = PBXNativeTarget;
			buildConfigurationList = 72AD8F9C29A913AF00C2EB21 /* Build configuration list for PBXNativeTarget "AuthenticationFirebase" */;
			buildPhases = (
				72AD8F8429A913AE00C2EB21 /* Sources */,
				72AD8F8529A913AE00C2EB21 /* Frameworks */,
				72AD8F8629A913AE00C2EB21 /* Resources */,
			);
			buildRules = (
			);
			dependencies = (
			);
			name = AuthenticationFirebase;
			packageProductDependencies = (
				72AD8FA229A9165700C2EB21 /* FirebaseAuth */,
				72AD8FA429A9165700C2EB21 /* FirebaseFirestore */,
			);
			productName = AuthenticationFirebase;
			productReference = 72AD8F8829A913AE00C2EB21 /* AuthenticationFirebase.app */;
			productType = "com.apple.product-type.application";
		};
/* End PBXNativeTarget section */

/* Begin PBXProject section */
		72AD8F8029A913AE00C2EB21 /* Project object */ = {
			isa = PBXProject;
			attributes = {
				BuildIndependentTargetsInParallel = 1;
				LastSwiftUpdateCheck = 1420;
				LastUpgradeCheck = 1420;
				TargetAttributes = {
					72AD8F8729A913AE00C2EB21 = {
						CreatedOnToolsVersion = 14.2;
					};
				};
			};
			buildConfigurationList = 72AD8F8329A913AE00C2EB21 /* Build configuration list for PBXProject "AuthenticationFirebase" */;
			compatibilityVersion = "Xcode 14.0";
			developmentRegion = en;
			hasScannedForEncodings = 0;
			knownRegions = (
				en,
				Base,
			);
			mainGroup = 72AD8F7F29A913AE00C2EB21;
			packageReferences = (
				72AD8FA129A9165700C2EB21 /* XCRemoteSwiftPackageReference "firebase-ios-sdk" */,
			);
			productRefGroup = 72AD8F8929A913AE00C2EB21 /* Products */;
			projectDirPath = "";
			projectRoot = "";
			targets = (
				72AD8F8729A913AE00C2EB21 /* AuthenticationFirebase */,
			);
		};
/* End PBXProject section */

/* Begin PBXResourcesBuildPhase section */
		72AD8F8629A913AE00C2EB21 /* Resources */ = {
			isa = PBXResourcesBuildPhase;
			buildActionMask = 2147483647;
			files = (
				725A0C9E29B130E90047484A /* ColorSet.xcassets in Resources */,
				72AD8F9829A913AF00C2EB21 /* LaunchScreen.storyboard in Resources */,
				72AD8F9529A913AF00C2EB21 /* Assets.xcassets in Resources */,
				72AD8F9329A913AE00C2EB21 /* Main.storyboard in Resources */,
				72AD8FA029A9159D00C2EB21 /* GoogleService-Info.plist in Resources */,
			);
			runOnlyForDeploymentPostprocessing = 0;
		};
/* End PBXResourcesBuildPhase section */

/* Begin PBXSourcesBuildPhase section */
		72AD8F8429A913AE00C2EB21 /* Sources */ = {
			isa = PBXSourcesBuildPhase;
			buildActionMask = 2147483647;
			files = (
				72AD8FA929A91B2A00C2EB21 /* RegisterViewController.swift in Sources */,
				72AD8FAB29A91B3F00C2EB21 /* ForgotPasswordViewController.swift in Sources */,
				72AD8F8C29A913AE00C2EB21 /* AppDelegate.swift in Sources */,
				72AD8FA729A91B1900C2EB21 /* SignInViewController.swift in Sources */,
				72AD8F8E29A913AE00C2EB21 /* SceneDelegate.swift in Sources */,
				72B58B9829B13DF9003D7EEA /* HomeViewController.swift in Sources */,
			);
			runOnlyForDeploymentPostprocessing = 0;
		};
/* End PBXSourcesBuildPhase section */

/* Begin PBXVariantGroup section */
		72AD8F9129A913AE00C2EB21 /* Main.storyboard */ = {
			isa = PBXVariantGroup;
			children = (
				72AD8F9229A913AE00C2EB21 /* Base */,
			);
			name = Main.storyboard;
			sourceTree = "<group>";
		};
		72AD8F9629A913AF00C2EB21 /* LaunchScreen.storyboard */ = {
			isa = PBXVariantGroup;
			children = (
				72AD8F9729A913AF00C2EB21 /* Base */,
			);
			name = LaunchScreen.storyboard;
			sourceTree = "<group>";
		};
/* End PBXVariantGroup section */

/* Begin XCBuildConfiguration section */
		72AD8F9A29A913AF00C2EB21 /* Debug */ = {
			isa = XCBuildConfiguration;
			buildSettings = {
				ALWAYS_SEARCH_USER_PATHS = NO;
				CLANG_ANALYZER_NONNULL = YES;
				CLANG_ANALYZER_NUMBER_OBJECT_CONVERSION = YES_AGGRESSIVE;
				CLANG_CXX_LANGUAGE_STANDARD = "gnu++20";
				CLANG_ENABLE_MODULES = YES;
				CLANG_ENABLE_OBJC_ARC = YES;
				CLANG_ENABLE_OBJC_WEAK = YES;
				CLANG_WARN_BLOCK_CAPTURE_AUTORELEASING = YES;
				CLANG_WARN_BOOL_CONVERSION = YES;
				CLANG_WARN_COMMA = YES;
				CLANG_WARN_CONSTANT_CONVERSION = YES;
				CLANG_WARN_DEPRECATED_OBJC_IMPLEMENTATIONS = YES;
				CLANG_WARN_DIRECT_OBJC_ISA_USAGE = YES_ERROR;
				CLANG_WARN_DOCUMENTATION_COMMENTS = YES;
				CLANG_WARN_EMPTY_BODY = YES;
				CLANG_WARN_ENUM_CONVERSION = YES;
				CLANG_WARN_INFINITE_RECURSION = YES;
				CLANG_WARN_INT_CONVERSION = YES;
				CLANG_WARN_NON_LITERAL_NULL_CONVERSION = YES;
				CLANG_WARN_OBJC_IMPLICIT_RETAIN_SELF = YES;
				CLANG_WARN_OBJC_LITERAL_CONVERSION = YES;
				CLANG_WARN_OBJC_ROOT_CLASS = YES_ERROR;
				CLANG_WARN_QUOTED_INCLUDE_IN_FRAMEWORK_HEADER = YES;
				CLANG_WARN_RANGE_LOOP_ANALYSIS = YES;
				CLANG_WARN_STRICT_PROTOTYPES = YES;
				CLANG_WARN_SUSPICIOUS_MOVE = YES;
				CLANG_WARN_UNGUARDED_AVAILABILITY = YES_AGGRESSIVE;
				CLANG_WARN_UNREACHABLE_CODE = YES;
				CLANG_WARN__DUPLICATE_METHOD_MATCH = YES;
				COPY_PHASE_STRIP = NO;
				DEBUG_INFORMATION_FORMAT = dwarf;
				ENABLE_STRICT_OBJC_MSGSEND = YES;
				ENABLE_TESTABILITY = YES;
				GCC_C_LANGUAGE_STANDARD = gnu11;
				GCC_DYNAMIC_NO_PIC = NO;
				GCC_NO_COMMON_BLOCKS = YES;
				GCC_OPTIMIZATION_LEVEL = 0;
				GCC_PREPROCESSOR_DEFINITIONS = (
					"DEBUG=1",
					"$(inherited)",
				);
				GCC_WARN_64_TO_32_BIT_CONVERSION = YES;
				GCC_WARN_ABOUT_RETURN_TYPE = YES_ERROR;
				GCC_WARN_UNDECLARED_SELECTOR = YES;
				GCC_WARN_UNINITIALIZED_AUTOS = YES_AGGRESSIVE;
				GCC_WARN_UNUSED_FUNCTION = YES;
				GCC_WARN_UNUSED_VARIABLE = YES;
				IPHONEOS_DEPLOYMENT_TARGET = 16.2;
				MTL_ENABLE_DEBUG_INFO = INCLUDE_SOURCE;
				MTL_FAST_MATH = YES;
				ONLY_ACTIVE_ARCH = YES;
				SDKROOT = iphoneos;
				SWIFT_ACTIVE_COMPILATION_CONDITIONS = DEBUG;
				SWIFT_OPTIMIZATION_LEVEL = "-Onone";
			};
			name = Debug;
		};
		72AD8F9B29A913AF00C2EB21 /* Release */ = {
			isa = XCBuildConfiguration;
			buildSettings = {
				ALWAYS_SEARCH_USER_PATHS = NO;
				CLANG_ANALYZER_NONNULL = YES;
				CLANG_ANALYZER_NUMBER_OBJECT_CONVERSION = YES_AGGRESSIVE;
				CLANG_CXX_LANGUAGE_STANDARD = "gnu++20";
				CLANG_ENABLE_MODULES = YES;
				CLANG_ENABLE_OBJC_ARC = YES;
				CLANG_ENABLE_OBJC_WEAK = YES;
				CLANG_WARN_BLOCK_CAPTURE_AUTORELEASING = YES;
				CLANG_WARN_BOOL_CONVERSION = YES;
				CLANG_WARN_COMMA = YES;
				CLANG_WARN_CONSTANT_CONVERSION = YES;
				CLANG_WARN_DEPRECATED_OBJC_IMPLEMENTATIONS = YES;
				CLANG_WARN_DIRECT_OBJC_ISA_USAGE = YES_ERROR;
				CLANG_WARN_DOCUMENTATION_COMMENTS = YES;
				CLANG_WARN_EMPTY_BODY = YES;
				CLANG_WARN_ENUM_CONVERSION = YES;
				CLANG_WARN_INFINITE_RECURSION = YES;
				CLANG_WARN_INT_CONVERSION = YES;
				CLANG_WARN_NON_LITERAL_NULL_CONVERSION = YES;
				CLANG_WARN_OBJC_IMPLICIT_RETAIN_SELF = YES;
				CLANG_WARN_OBJC_LITERAL_CONVERSION = YES;
				CLANG_WARN_OBJC_ROOT_CLASS = YES_ERROR;
				CLANG_WARN_QUOTED_INCLUDE_IN_FRAMEWORK_HEADER = YES;
				CLANG_WARN_RANGE_LOOP_ANALYSIS = YES;
				CLANG_WARN_STRICT_PROTOTYPES = YES;
				CLANG_WARN_SUSPICIOUS_MOVE = YES;
				CLANG_WARN_UNGUARDED_AVAILABILITY = YES_AGGRESSIVE;
				CLANG_WARN_UNREACHABLE_CODE = YES;
				CLANG_WARN__DUPLICATE_METHOD_MATCH = YES;
				COPY_PHASE_STRIP = NO;
				DEBUG_INFORMATION_FORMAT = "dwarf-with-dsym";
				ENABLE_NS_ASSERTIONS = NO;
				ENABLE_STRICT_OBJC_MSGSEND = YES;
				GCC_C_LANGUAGE_STANDARD = gnu11;
				GCC_NO_COMMON_BLOCKS = YES;
				GCC_WARN_64_TO_32_BIT_CONVERSION = YES;
				GCC_WARN_ABOUT_RETURN_TYPE = YES_ERROR;
				GCC_WARN_UNDECLARED_SELECTOR = YES;
				GCC_WARN_UNINITIALIZED_AUTOS = YES_AGGRESSIVE;
				GCC_WARN_UNUSED_FUNCTION = YES;
				GCC_WARN_UNUSED_VARIABLE = YES;
				IPHONEOS_DEPLOYMENT_TARGET = 16.2;
				MTL_ENABLE_DEBUG_INFO = NO;
				MTL_FAST_MATH = YES;
				SDKROOT = iphoneos;
				SWIFT_COMPILATION_MODE = wholemodule;
				SWIFT_OPTIMIZATION_LEVEL = "-O";
				VALIDATE_PRODUCT = YES;
			};
			name = Release;
		};
		72AD8F9D29A913AF00C2EB21 /* Debug */ = {
			isa = XCBuildConfiguration;
			buildSettings = {
				ASSETCATALOG_COMPILER_APPICON_NAME = AppIcon;
				ASSETCATALOG_COMPILER_GLOBAL_ACCENT_COLOR_NAME = dkblue;
				CODE_SIGN_STYLE = Automatic;
				CURRENT_PROJECT_VERSION = 1;
				GENERATE_INFOPLIST_FILE = YES;
				INFOPLIST_FILE = AuthenticationFirebase/Info.plist;
				INFOPLIST_KEY_UIApplicationSupportsIndirectInputEvents = YES;
				INFOPLIST_KEY_UILaunchStoryboardName = LaunchScreen;
				INFOPLIST_KEY_UIMainStoryboardFile = Main;
				INFOPLIST_KEY_UISupportedInterfaceOrientations_iPad = "UIInterfaceOrientationPortrait UIInterfaceOrientationPortraitUpsideDown UIInterfaceOrientationLandscapeLeft UIInterfaceOrientationLandscapeRight";
				INFOPLIST_KEY_UISupportedInterfaceOrientations_iPhone = "UIInterfaceOrientationPortrait UIInterfaceOrientationLandscapeLeft UIInterfaceOrientationLandscapeRight";
				LD_RUNPATH_SEARCH_PATHS = (
					"$(inherited)",
					"@executable_path/Frameworks",
				);
				MARKETING_VERSION = 1.0;
				PRODUCT_BUNDLE_IDENTIFIER = com.MindyDouglas.AuthenticationFirebase;
				PRODUCT_NAME = "$(TARGET_NAME)";
				SWIFT_EMIT_LOC_STRINGS = YES;
				SWIFT_VERSION = 5.0;
				TARGETED_DEVICE_FAMILY = "1,2";
			};
			name = Debug;
		};
		72AD8F9E29A913AF00C2EB21 /* Release */ = {
			isa = XCBuildConfiguration;
			buildSettings = {
				ASSETCATALOG_COMPILER_APPICON_NAME = AppIcon;
				ASSETCATALOG_COMPILER_GLOBAL_ACCENT_COLOR_NAME = dkblue;
				CODE_SIGN_STYLE = Automatic;
				CURRENT_PROJECT_VERSION = 1;
				GENERATE_INFOPLIST_FILE = YES;
				INFOPLIST_FILE = AuthenticationFirebase/Info.plist;
				INFOPLIST_KEY_UIApplicationSupportsIndirectInputEvents = YES;
				INFOPLIST_KEY_UILaunchStoryboardName = LaunchScreen;
				INFOPLIST_KEY_UIMainStoryboardFile = Main;
				INFOPLIST_KEY_UISupportedInterfaceOrientations_iPad = "UIInterfaceOrientationPortrait UIInterfaceOrientationPortraitUpsideDown UIInterfaceOrientationLandscapeLeft UIInterfaceOrientationLandscapeRight";
				INFOPLIST_KEY_UISupportedInterfaceOrientations_iPhone = "UIInterfaceOrientationPortrait UIInterfaceOrientationLandscapeLeft UIInterfaceOrientationLandscapeRight";
				LD_RUNPATH_SEARCH_PATHS = (
					"$(inherited)",
					"@executable_path/Frameworks",
				);
				MARKETING_VERSION = 1.0;
				PRODUCT_BUNDLE_IDENTIFIER = com.MindyDouglas.AuthenticationFirebase;
				PRODUCT_NAME = "$(TARGET_NAME)";
				SWIFT_EMIT_LOC_STRINGS = YES;
				SWIFT_VERSION = 5.0;
				TARGETED_DEVICE_FAMILY = "1,2";
			};
			name = Release;
		};
/* End XCBuildConfiguration section */

/* Begin XCConfigurationList section */
		72AD8F8329A913AE00C2EB21 /* Build configuration list for PBXProject "AuthenticationFirebase" */ = {
			isa = XCConfigurationList;
			buildConfigurations = (
				72AD8F9A29A913AF00C2EB21 /* Debug */,
				72AD8F9B29A913AF00C2EB21 /* Release */,
			);
			defaultConfigurationIsVisible = 0;
			defaultConfigurationName = Release;
		};
		72AD8F9C29A913AF00C2EB21 /* Build configuration list for PBXNativeTarget "AuthenticationFirebase" */ = {
			isa = XCConfigurationList;
			buildConfigurations = (
				72AD8F9D29A913AF00C2EB21 /* Debug */,
				72AD8F9E29A913AF00C2EB21 /* Release */,
			);
			defaultConfigurationIsVisible = 0;
			defaultConfigurationName = Release;
		};
/* End XCConfigurationList section */

/* Begin XCRemoteSwiftPackageReference section */
		72AD8FA129A9165700C2EB21 /* XCRemoteSwiftPackageReference "firebase-ios-sdk" */ = {
			isa = XCRemoteSwiftPackageReference;
			repositoryURL = "https://github.com/firebase/firebase-ios-sdk";
			requirement = {
				kind = upToNextMajorVersion;
				minimumVersion = 9.0.0;
			};
		};
/* End XCRemoteSwiftPackageReference section */

/* Begin XCSwiftPackageProductDependency section */
		72AD8FA229A9165700C2EB21 /* FirebaseAuth */ = {
			isa = XCSwiftPackageProductDependency;
			package = 72AD8FA129A9165700C2EB21 /* XCRemoteSwiftPackageReference "firebase-ios-sdk" */;
			productName = FirebaseAuth;
		};
		72AD8FA429A9165700C2EB21 /* FirebaseFirestore */ = {
			isa = XCSwiftPackageProductDependency;
			package = 72AD8FA129A9165700C2EB21 /* XCRemoteSwiftPackageReference "firebase-ios-sdk" */;
			productName = FirebaseFirestore;
		};
/* End XCSwiftPackageProductDependency section */
	};
	rootObject = 72AD8F8029A913AE00C2EB21 /* Project object */;
}
